
Microsoft Visual Studio Solution File, Format Version 12.00
# Visual Studio Version 16
VisualStudioVersion = 16.0.29509.3
MinimumVisualStudioVersion = 10.0.40219.1
Project("{9A19103F-16F7-4668-BE54-9A1E7A4F7556}") = "DotaDrainCore.WebApi", "DotaDrainCore.WebApi\DotaDrainCore.WebApi.csproj", "{428B42C4-887C-4327-AB55-3D98BE557941}"
EndProject
Project("{9A19103F-16F7-4668-BE54-9A1E7A4F7556}") = "DotaDrainCore.DataContext", "DotaDrainCore.DataContext\DotaDrainCore.DataContext.csproj", "{90AFE0F4-8767-4D98-BD81-2F72691CA555}"
EndProject
Project("{9A19103F-16F7-4668-BE54-9A1E7A4F7556}") = "DotaDrainCore.Entities", "DotaDrainCore.Entities\DotaDrainCore.Entities.csproj", "{BC84CCDE-6F4D-458E-868F-11AFF973AB3C}"
EndProject
Project("{FAE04EC0-301F-11D3-BF4B-00C04F79EFBC}") = "DotaDrainCore.Factories", "DotaDrainCore.Factories\DotaDrainCore.Factories.csproj", "{FD651CA4-5A03-4F48-B444-769B9DD22C4D}"
Project("{9A19103F-16F7-4668-BE54-9A1E7A4F7556}") = "DotaDrainCore.Entities", "DotaDrainCore.Entities\DotaDrainCore.Entities.csproj", "{BC84CCDE-6F4D-458E-868F-11AFF973AB3C}"
EndProject
Project("{FAE04EC0-301F-11D3-BF4B-00C04F79EFBC}") = "DotaDrainCore.SteamDataCollector", "DotaDrainCore.SteamDataCollector\DotaDrainCore.SteamDataCollector.csproj", "{6E42FF12-C27A-43BA-8327-590C16E2AF62}"
EndProject
Project("{FAE04EC0-301F-11D3-BF4B-00C04F79EFBC}") = "DotaDrainCore.SteamApiCommunication", "DotaDrainCore.SteamApiCommunication\DotaDrainCore.SteamApiCommunication.csproj", "{0BD6FE26-D294-4EC2-916D-AF57453F37B8}"
EndProject
Project("{FAE04EC0-301F-11D3-BF4B-00C04F79EFBC}") = "DotaDrainCore.DataRepository", "DotaDrainCore.DataRepository\DotaDrainCore.DataRepository.csproj", "{C0E57F2E-DEAC-4A18-AB50-9E31AE538919}"
EndProject
Global
	GlobalSection(SolutionConfigurationPlatforms) = preSolution
		Debug|Any CPU = Debug|Any CPU
		Release|Any CPU = Release|Any CPU
	EndGlobalSection
	GlobalSection(ProjectConfigurationPlatforms) = postSolution
		{428B42C4-887C-4327-AB55-3D98BE557941}.Debug|Any CPU.ActiveCfg = Debug|Any CPU
		{428B42C4-887C-4327-AB55-3D98BE557941}.Debug|Any CPU.Build.0 = Debug|Any CPU
		{428B42C4-887C-4327-AB55-3D98BE557941}.Release|Any CPU.ActiveCfg = Release|Any CPU
		{428B42C4-887C-4327-AB55-3D98BE557941}.Release|Any CPU.Build.0 = Release|Any CPU
		{90AFE0F4-8767-4D98-BD81-2F72691CA555}.Debug|Any CPU.ActiveCfg = Debug|Any CPU
		{90AFE0F4-8767-4D98-BD81-2F72691CA555}.Debug|Any CPU.Build.0 = Debug|Any CPU
		{90AFE0F4-8767-4D98-BD81-2F72691CA555}.Release|Any CPU.ActiveCfg = Release|Any CPU
		{90AFE0F4-8767-4D98-BD81-2F72691CA555}.Release|Any CPU.Build.0 = Release|Any CPU
		{BC84CCDE-6F4D-458E-868F-11AFF973AB3C}.Debug|Any CPU.ActiveCfg = Debug|Any CPU
		{BC84CCDE-6F4D-458E-868F-11AFF973AB3C}.Debug|Any CPU.Build.0 = Debug|Any CPU
		{BC84CCDE-6F4D-458E-868F-11AFF973AB3C}.Release|Any CPU.ActiveCfg = Release|Any CPU
		{BC84CCDE-6F4D-458E-868F-11AFF973AB3C}.Release|Any CPU.Build.0 = Release|Any CPU
		{6E42FF12-C27A-43BA-8327-590C16E2AF62}.Debug|Any CPU.ActiveCfg = Debug|Any CPU
		{6E42FF12-C27A-43BA-8327-590C16E2AF62}.Debug|Any CPU.Build.0 = Debug|Any CPU
		{6E42FF12-C27A-43BA-8327-590C16E2AF62}.Release|Any CPU.ActiveCfg = Release|Any CPU
		{6E42FF12-C27A-43BA-8327-590C16E2AF62}.Release|Any CPU.Build.0 = Release|Any CPU
		{0BD6FE26-D294-4EC2-916D-AF57453F37B8}.Debug|Any CPU.ActiveCfg = Debug|Any CPU
		{0BD6FE26-D294-4EC2-916D-AF57453F37B8}.Debug|Any CPU.Build.0 = Debug|Any CPU
		{0BD6FE26-D294-4EC2-916D-AF57453F37B8}.Release|Any CPU.ActiveCfg = Release|Any CPU
		{0BD6FE26-D294-4EC2-916D-AF57453F37B8}.Release|Any CPU.Build.0 = Release|Any CPU
		{C0E57F2E-DEAC-4A18-AB50-9E31AE538919}.Debug|Any CPU.ActiveCfg = Debug|Any CPU
		{C0E57F2E-DEAC-4A18-AB50-9E31AE538919}.Debug|Any CPU.Build.0 = Debug|Any CPU
		{C0E57F2E-DEAC-4A18-AB50-9E31AE538919}.Release|Any CPU.ActiveCfg = Release|Any CPU
		{C0E57F2E-DEAC-4A18-AB50-9E31AE538919}.Release|Any CPU.Build.0 = Release|Any CPU
		{FD651CA4-5A03-4F48-B444-769B9DD22C4D}.Debug|Any CPU.ActiveCfg = Debug|Any CPU
		{FD651CA4-5A03-4F48-B444-769B9DD22C4D}.Debug|Any CPU.Build.0 = Debug|Any CPU
		{FD651CA4-5A03-4F48-B444-769B9DD22C4D}.Release|Any CPU.ActiveCfg = Release|Any CPU
		{FD651CA4-5A03-4F48-B444-769B9DD22C4D}.Release|Any CPU.Build.0 = Release|Any CPU
	EndGlobalSection
	GlobalSection(SolutionProperties) = preSolution
		HideSolutionNode = FALSE
	EndGlobalSection
	GlobalSection(ExtensibilityGlobals) = postSolution
		SolutionGuid = {43BBDD55-9C77-4C27-B037-D42D63C24C75}
	EndGlobalSection
EndGlobal
